// !$*UTF8*$!
{
	archiveVersion = 1;
	classes = {
	};
	objectVersion = 46;
	objects = {

/* Begin PBXBuildFile section */
		5428F6521AC655BC008680B5 /* 2_of_clubs.png in Resources */ = {isa = PBXBuildFile; fileRef = 5428F60F1AC655BC008680B5 /* 2_of_clubs.png */; };
		5428F6531AC655BC008680B5 /* 2_of_diamonds.png in Resources */ = {isa = PBXBuildFile; fileRef = 5428F6101AC655BC008680B5 /* 2_of_diamonds.png */; };
		5428F6541AC655BC008680B5 /* 2_of_hearts.png in Resources */ = {isa = PBXBuildFile; fileRef = 5428F6111AC655BC008680B5 /* 2_of_hearts.png */; };
		5428F6551AC655BC008680B5 /* 2_of_spades.png in Resources */ = {isa = PBXBuildFile; fileRef = 5428F6121AC655BC008680B5 /* 2_of_spades.png */; };
		5428F6561AC655BC008680B5 /* 3_of_clubs.png in Resources */ = {isa = PBXBuildFile; fileRef = 5428F6131AC655BC008680B5 /* 3_of_clubs.png */; };
		5428F6571AC655BC008680B5 /* 3_of_diamonds.png in Resources */ = {isa = PBXBuildFile; fileRef = 5428F6141AC655BC008680B5 /* 3_of_diamonds.png */; };
		5428F6581AC655BC008680B5 /* 3_of_hearts.png in Resources */ = {isa = PBXBuildFile; fileRef = 5428F6151AC655BC008680B5 /* 3_of_hearts.png */; };
		5428F6591AC655BC008680B5 /* 3_of_spades.png in Resources */ = {isa = PBXBuildFile; fileRef = 5428F6161AC655BC008680B5 /* 3_of_spades.png */; };
		5428F65A1AC655BC008680B5 /* 4_of_clubs.png in Resources */ = {isa = PBXBuildFile; fileRef = 5428F6171AC655BC008680B5 /* 4_of_clubs.png */; };
		5428F65B1AC655BC008680B5 /* 4_of_diamonds.png in Resources */ = {isa = PBXBuildFile; fileRef = 5428F6181AC655BC008680B5 /* 4_of_diamonds.png */; };
		5428F65C1AC655BC008680B5 /* 4_of_hearts.png in Resources */ = {isa = PBXBuildFile; fileRef = 5428F6191AC655BC008680B5 /* 4_of_hearts.png */; };
		5428F65D1AC655BC008680B5 /* 4_of_spades.png in Resources */ = {isa = PBXBuildFile; fileRef = 5428F61A1AC655BC008680B5 /* 4_of_spades.png */; };
		5428F65E1AC655BC008680B5 /* 5_of_clubs.png in Resources */ = {isa = PBXBuildFile; fileRef = 5428F61B1AC655BC008680B5 /* 5_of_clubs.png */; };
		5428F65F1AC655BC008680B5 /* 5_of_diamonds.png in Resources */ = {isa = PBXBuildFile; fileRef = 5428F61C1AC655BC008680B5 /* 5_of_diamonds.png */; };
		5428F6601AC655BC008680B5 /* 5_of_hearts.png in Resources */ = {isa = PBXBuildFile; fileRef = 5428F61D1AC655BC008680B5 /* 5_of_hearts.png */; };
		5428F6611AC655BC008680B5 /* 5_of_spades.png in Resources */ = {isa = PBXBuildFile; fileRef = 5428F61E1AC655BC008680B5 /* 5_of_spades.png */; };
		5428F6621AC655BC008680B5 /* 6_of_clubs.png in Resources */ = {isa = PBXBuildFile; fileRef = 5428F61F1AC655BC008680B5 /* 6_of_clubs.png */; };
		5428F6631AC655BC008680B5 /* 6_of_diamonds.png in Resources */ = {isa = PBXBuildFile; fileRef = 5428F6201AC655BC008680B5 /* 6_of_diamonds.png */; };
		5428F6641AC655BC008680B5 /* 6_of_hearts.png in Resources */ = {isa = PBXBuildFile; fileRef = 5428F6211AC655BC008680B5 /* 6_of_hearts.png */; };
		5428F6651AC655BC008680B5 /* 6_of_spades.png in Resources */ = {isa = PBXBuildFile; fileRef = 5428F6221AC655BC008680B5 /* 6_of_spades.png */; };
		5428F6661AC655BC008680B5 /* 7_of_clubs.png in Resources */ = {isa = PBXBuildFile; fileRef = 5428F6231AC655BC008680B5 /* 7_of_clubs.png */; };
		5428F6671AC655BC008680B5 /* 7_of_diamonds.png in Resources */ = {isa = PBXBuildFile; fileRef = 5428F6241AC655BC008680B5 /* 7_of_diamonds.png */; };
		5428F6681AC655BC008680B5 /* 7_of_hearts.png in Resources */ = {isa = PBXBuildFile; fileRef = 5428F6251AC655BC008680B5 /* 7_of_hearts.png */; };
		5428F6691AC655BC008680B5 /* 7_of_spades.png in Resources */ = {isa = PBXBuildFile; fileRef = 5428F6261AC655BC008680B5 /* 7_of_spades.png */; };
		5428F66A1AC655BC008680B5 /* 8_of_clubs.png in Resources */ = {isa = PBXBuildFile; fileRef = 5428F6271AC655BC008680B5 /* 8_of_clubs.png */; };
		5428F66B1AC655BC008680B5 /* 8_of_diamonds.png in Resources */ = {isa = PBXBuildFile; fileRef = 5428F6281AC655BC008680B5 /* 8_of_diamonds.png */; };
		5428F66C1AC655BC008680B5 /* 8_of_hearts.png in Resources */ = {isa = PBXBuildFile; fileRef = 5428F6291AC655BC008680B5 /* 8_of_hearts.png */; };
		5428F66D1AC655BC008680B5 /* 8_of_spades.png in Resources */ = {isa = PBXBuildFile; fileRef = 5428F62A1AC655BC008680B5 /* 8_of_spades.png */; };
		5428F66E1AC655BC008680B5 /* 9_of_clubs.png in Resources */ = {isa = PBXBuildFile; fileRef = 5428F62B1AC655BC008680B5 /* 9_of_clubs.png */; };
		5428F66F1AC655BC008680B5 /* 9_of_diamonds.png in Resources */ = {isa = PBXBuildFile; fileRef = 5428F62C1AC655BC008680B5 /* 9_of_diamonds.png */; };
		5428F6701AC655BC008680B5 /* 9_of_hearts.png in Resources */ = {isa = PBXBuildFile; fileRef = 5428F62D1AC655BC008680B5 /* 9_of_hearts.png */; };
		5428F6711AC655BC008680B5 /* 9_of_spades.png in Resources */ = {isa = PBXBuildFile; fileRef = 5428F62E1AC655BC008680B5 /* 9_of_spades.png */; };
		5428F6721AC655BC008680B5 /* 10_of_clubs.png in Resources */ = {isa = PBXBuildFile; fileRef = 5428F62F1AC655BC008680B5 /* 10_of_clubs.png */; };
		5428F6731AC655BC008680B5 /* 10_of_diamonds.png in Resources */ = {isa = PBXBuildFile; fileRef = 5428F6301AC655BC008680B5 /* 10_of_diamonds.png */; };
		5428F6741AC655BC008680B5 /* 10_of_hearts.png in Resources */ = {isa = PBXBuildFile; fileRef = 5428F6311AC655BC008680B5 /* 10_of_hearts.png */; };
		5428F6751AC655BC008680B5 /* 10_of_spades.png in Resources */ = {isa = PBXBuildFile; fileRef = 5428F6321AC655BC008680B5 /* 10_of_spades.png */; };
		5428F6761AC655BC008680B5 /* ace_of_clubs.png in Resources */ = {isa = PBXBuildFile; fileRef = 5428F6331AC655BC008680B5 /* ace_of_clubs.png */; };
		5428F6771AC655BC008680B5 /* ace_of_diamonds.png in Resources */ = {isa = PBXBuildFile; fileRef = 5428F6341AC655BC008680B5 /* ace_of_diamonds.png */; };
		5428F6781AC655BC008680B5 /* ace_of_hearts.png in Resources */ = {isa = PBXBuildFile; fileRef = 5428F6351AC655BC008680B5 /* ace_of_hearts.png */; };
		5428F6791AC655BC008680B5 /* ace_of_spades.png in Resources */ = {isa = PBXBuildFile; fileRef = 5428F6361AC655BC008680B5 /* ace_of_spades.png */; };
		5428F67A1AC655BC008680B5 /* ace_of_spades2.png in Resources */ = {isa = PBXBuildFile; fileRef = 5428F6371AC655BC008680B5 /* ace_of_spades2.png */; };
		5428F67B1AC655BC008680B5 /* black_joker.png in Resources */ = {isa = PBXBuildFile; fileRef = 5428F6381AC655BC008680B5 /* black_joker.png */; };
		5428F67C1AC655BC008680B5 /* jack_of_clubs.png in Resources */ = {isa = PBXBuildFile; fileRef = 5428F6391AC655BC008680B5 /* jack_of_clubs.png */; };
		5428F67D1AC655BC008680B5 /* jack_of_clubs1.png in Resources */ = {isa = PBXBuildFile; fileRef = 5428F63A1AC655BC008680B5 /* jack_of_clubs1.png */; };
		5428F67E1AC655BC008680B5 /* jack_of_diamonds.png in Resources */ = {isa = PBXBuildFile; fileRef = 5428F63B1AC655BC008680B5 /* jack_of_diamonds.png */; };
		5428F67F1AC655BC008680B5 /* jack_of_diamonds1.png in Resources */ = {isa = PBXBuildFile; fileRef = 5428F63C1AC655BC008680B5 /* jack_of_diamonds1.png */; };
		5428F6801AC655BC008680B5 /* jack_of_hearts.png in Resources */ = {isa = PBXBuildFile; fileRef = 5428F63D1AC655BC008680B5 /* jack_of_hearts.png */; };
		5428F6811AC655BC008680B5 /* jack_of_hearts1.png in Resources */ = {isa = PBXBuildFile; fileRef = 5428F63E1AC655BC008680B5 /* jack_of_hearts1.png */; };
		5428F6821AC655BC008680B5 /* jack_of_spades.png in Resources */ = {isa = PBXBuildFile; fileRef = 5428F63F1AC655BC008680B5 /* jack_of_spades.png */; };
		5428F6831AC655BC008680B5 /* jack_of_spades1.png in Resources */ = {isa = PBXBuildFile; fileRef = 5428F6401AC655BC008680B5 /* jack_of_spades1.png */; };
		5428F6841AC655BC008680B5 /* king_of_clubs.png in Resources */ = {isa = PBXBuildFile; fileRef = 5428F6411AC655BC008680B5 /* king_of_clubs.png */; };
		5428F6851AC655BC008680B5 /* king_of_clubs1.png in Resources */ = {isa = PBXBuildFile; fileRef = 5428F6421AC655BC008680B5 /* king_of_clubs1.png */; };
		5428F6861AC655BC008680B5 /* king_of_diamonds.png in Resources */ = {isa = PBXBuildFile; fileRef = 5428F6431AC655BC008680B5 /* king_of_diamonds.png */; };
		5428F6871AC655BC008680B5 /* king_of_diamonds1.png in Resources */ = {isa = PBXBuildFile; fileRef = 5428F6441AC655BC008680B5 /* king_of_diamonds1.png */; };
		5428F6881AC655BC008680B5 /* king_of_hearts.png in Resources */ = {isa = PBXBuildFile; fileRef = 5428F6451AC655BC008680B5 /* king_of_hearts.png */; };
		5428F6891AC655BC008680B5 /* king_of_hearts1.png in Resources */ = {isa = PBXBuildFile; fileRef = 5428F6461AC655BC008680B5 /* king_of_hearts1.png */; };
		5428F68A1AC655BC008680B5 /* king_of_spades.png in Resources */ = {isa = PBXBuildFile; fileRef = 5428F6471AC655BC008680B5 /* king_of_spades.png */; };
		5428F68B1AC655BC008680B5 /* king_of_spades1.png in Resources */ = {isa = PBXBuildFile; fileRef = 5428F6481AC655BC008680B5 /* king_of_spades1.png */; };
		5428F68C1AC655BC008680B5 /* queen_of_clubs.png in Resources */ = {isa = PBXBuildFile; fileRef = 5428F6491AC655BC008680B5 /* queen_of_clubs.png */; };
		5428F68D1AC655BC008680B5 /* queen_of_clubs1.png in Resources */ = {isa = PBXBuildFile; fileRef = 5428F64A1AC655BC008680B5 /* queen_of_clubs1.png */; };
		5428F68E1AC655BC008680B5 /* queen_of_diamonds.png in Resources */ = {isa = PBXBuildFile; fileRef = 5428F64B1AC655BC008680B5 /* queen_of_diamonds.png */; };
		5428F68F1AC655BC008680B5 /* queen_of_diamonds1.png in Resources */ = {isa = PBXBuildFile; fileRef = 5428F64C1AC655BC008680B5 /* queen_of_diamonds1.png */; };
		5428F6901AC655BC008680B5 /* queen_of_hearts.png in Resources */ = {isa = PBXBuildFile; fileRef = 5428F64D1AC655BC008680B5 /* queen_of_hearts.png */; };
		5428F6911AC655BC008680B5 /* queen_of_hearts1.png in Resources */ = {isa = PBXBuildFile; fileRef = 5428F64E1AC655BC008680B5 /* queen_of_hearts1.png */; };
		5428F6921AC655BC008680B5 /* queen_of_spades.png in Resources */ = {isa = PBXBuildFile; fileRef = 5428F64F1AC655BC008680B5 /* queen_of_spades.png */; };
		5428F6931AC655BC008680B5 /* queen_of_spades1.png in Resources */ = {isa = PBXBuildFile; fileRef = 5428F6501AC655BC008680B5 /* queen_of_spades1.png */; };
		5428F6941AC655BC008680B5 /* red_joker.png in Resources */ = {isa = PBXBuildFile; fileRef = 5428F6511AC655BC008680B5 /* red_joker.png */; };
		54514C911ACA1CA5009DB0C3 /* Group.png in Resources */ = {isa = PBXBuildFile; fileRef = 54514C901ACA1CA5009DB0C3 /* Group.png */; };
		5482F6801AA247B100E7EDFB /* PlayerViewController.swift in Sources */ = {isa = PBXBuildFile; fileRef = 5482F67F1AA247B100E7EDFB /* PlayerViewController.swift */; };
		5482F6821AA2480A00E7EDFB /* Hand.swift in Sources */ = {isa = PBXBuildFile; fileRef = 5482F6811AA2480A00E7EDFB /* Hand.swift */; };
		5482F6841AA2483200E7EDFB /* Deck.swift in Sources */ = {isa = PBXBuildFile; fileRef = 5482F6831AA2483200E7EDFB /* Deck.swift */; };
		5482F6861AA2485900E7EDFB /* Card.swift in Sources */ = {isa = PBXBuildFile; fileRef = 5482F6851AA2485900E7EDFB /* Card.swift */; };
		5482F6971AA2630400E7EDFB /* Player.swift in Sources */ = {isa = PBXBuildFile; fileRef = 5482F6961AA2630400E7EDFB /* Player.swift */; };
		5482F6991AA268EE00E7EDFB /* File.swift in Sources */ = {isa = PBXBuildFile; fileRef = 5482F6981AA268EE00E7EDFB /* File.swift */; };
		5482F6A11AA3EB0000E7EDFB /* SingletonA.swift in Sources */ = {isa = PBXBuildFile; fileRef = 5482F6A01AA3EB0000E7EDFB /* SingletonA.swift */; };
		54B6F1851AC63D44005C1FC4 /* back.png in Resources */ = {isa = PBXBuildFile; fileRef = 54B6F1841AC63D44005C1FC4 /* back.png */; };
		54D3EE261A917813001B9920 /* AppDelegate.swift in Sources */ = {isa = PBXBuildFile; fileRef = 54D3EE251A917813001B9920 /* AppDelegate.swift */; };
		54D3EE281A917813001B9920 /* ViewController.swift in Sources */ = {isa = PBXBuildFile; fileRef = 54D3EE271A917813001B9920 /* ViewController.swift */; };
		54D3EE2B1A917813001B9920 /* Main.storyboard in Resources */ = {isa = PBXBuildFile; fileRef = 54D3EE291A917813001B9920 /* Main.storyboard */; };
		54D3EE2D1A917813001B9920 /* Images.xcassets in Resources */ = {isa = PBXBuildFile; fileRef = 54D3EE2C1A917813001B9920 /* Images.xcassets */; };
		54D3EE301A917813001B9920 /* LaunchScreen.xib in Resources */ = {isa = PBXBuildFile; fileRef = 54D3EE2E1A917813001B9920 /* LaunchScreen.xib */; };
		54D3EE3C1A917813001B9920 /* Assignment1_backjackTests.swift in Sources */ = {isa = PBXBuildFile; fileRef = 54D3EE3B1A917813001B9920 /* Assignment1_backjackTests.swift */; };
/* End PBXBuildFile section */

/* Begin PBXContainerItemProxy section */
		54D3EE361A917813001B9920 /* PBXContainerItemProxy */ = {
			isa = PBXContainerItemProxy;
			containerPortal = 54D3EE181A917812001B9920 /* Project object */;
			proxyType = 1;
			remoteGlobalIDString = 54D3EE1F1A917813001B9920;
			remoteInfo = Assignment1_backjack;
		};
/* End PBXContainerItemProxy section */

/* Begin PBXFileReference section */
		5428F60F1AC655BC008680B5 /* 2_of_clubs.png */ = {isa = PBXFileReference; lastKnownFileType = image.png; path = 2_of_clubs.png; sourceTree = "<group>"; };
		5428F6101AC655BC008680B5 /* 2_of_diamonds.png */ = {isa = PBXFileReference; lastKnownFileType = image.png; path = 2_of_diamonds.png; sourceTree = "<group>"; };
		5428F6111AC655BC008680B5 /* 2_of_hearts.png */ = {isa = PBXFileReference; lastKnownFileType = image.png; path = 2_of_hearts.png; sourceTree = "<group>"; };
		5428F6121AC655BC008680B5 /* 2_of_spades.png */ = {isa = PBXFileReference; lastKnownFileType = image.png; path = 2_of_spades.png; sourceTree = "<group>"; };
		5428F6131AC655BC008680B5 /* 3_of_clubs.png */ = {isa = PBXFileReference; lastKnownFileType = image.png; path = 3_of_clubs.png; sourceTree = "<group>"; };
		5428F6141AC655BC008680B5 /* 3_of_diamonds.png */ = {isa = PBXFileReference; lastKnownFileType = image.png; path = 3_of_diamonds.png; sourceTree = "<group>"; };
		5428F6151AC655BC008680B5 /* 3_of_hearts.png */ = {isa = PBXFileReference; lastKnownFileType = image.png; path = 3_of_hearts.png; sourceTree = "<group>"; };
		5428F6161AC655BC008680B5 /* 3_of_spades.png */ = {isa = PBXFileReference; lastKnownFileType = image.png; path = 3_of_spades.png; sourceTree = "<group>"; };
		5428F6171AC655BC008680B5 /* 4_of_clubs.png */ = {isa = PBXFileReference; lastKnownFileType = image.png; path = 4_of_clubs.png; sourceTree = "<group>"; };
		5428F6181AC655BC008680B5 /* 4_of_diamonds.png */ = {isa = PBXFileReference; lastKnownFileType = image.png; path = 4_of_diamonds.png; sourceTree = "<group>"; };
		5428F6191AC655BC008680B5 /* 4_of_hearts.png */ = {isa = PBXFileReference; lastKnownFileType = image.png; path = 4_of_hearts.png; sourceTree = "<group>"; };
		5428F61A1AC655BC008680B5 /* 4_of_spades.png */ = {isa = PBXFileReference; lastKnownFileType = image.png; path = 4_of_spades.png; sourceTree = "<group>"; };
		5428F61B1AC655BC008680B5 /* 5_of_clubs.png */ = {isa = PBXFileReference; lastKnownFileType = image.png; path = 5_of_clubs.png; sourceTree = "<group>"; };
		5428F61C1AC655BC008680B5 /* 5_of_diamonds.png */ = {isa = PBXFileReference; lastKnownFileType = image.png; path = 5_of_diamonds.png; sourceTree = "<group>"; };
		5428F61D1AC655BC008680B5 /* 5_of_hearts.png */ = {isa = PBXFileReference; lastKnownFileType = image.png; path = 5_of_hearts.png; sourceTree = "<group>"; };
		5428F61E1AC655BC008680B5 /* 5_of_spades.png */ = {isa = PBXFileReference; lastKnownFileType = image.png; path = 5_of_spades.png; sourceTree = "<group>"; };
		5428F61F1AC655BC008680B5 /* 6_of_clubs.png */ = {isa = PBXFileReference; lastKnownFileType = image.png; path = 6_of_clubs.png; sourceTree = "<group>"; };
		5428F6201AC655BC008680B5 /* 6_of_diamonds.png */ = {isa = PBXFileReference; lastKnownFileType = image.png; path = 6_of_diamonds.png; sourceTree = "<group>"; };
		5428F6211AC655BC008680B5 /* 6_of_hearts.png */ = {isa = PBXFileReference; lastKnownFileType = image.png; path = 6_of_hearts.png; sourceTree = "<group>"; };
		5428F6221AC655BC008680B5 /* 6_of_spades.png */ = {isa = PBXFileReference; lastKnownFileType = image.png; path = 6_of_spades.png; sourceTree = "<group>"; };
		5428F6231AC655BC008680B5 /* 7_of_clubs.png */ = {isa = PBXFileReference; lastKnownFileType = image.png; path = 7_of_clubs.png; sourceTree = "<group>"; };
		5428F6241AC655BC008680B5 /* 7_of_diamonds.png */ = {isa = PBXFileReference; lastKnownFileType = image.png; path = 7_of_diamonds.png; sourceTree = "<group>"; };
		5428F6251AC655BC008680B5 /* 7_of_hearts.png */ = {isa = PBXFileReference; lastKnownFileType = image.png; path = 7_of_hearts.png; sourceTree = "<group>"; };
		5428F6261AC655BC008680B5 /* 7_of_spades.png */ = {isa = PBXFileReference; lastKnownFileType = image.png; path = 7_of_spades.png; sourceTree = "<group>"; };
		5428F6271AC655BC008680B5 /* 8_of_clubs.png */ = {isa = PBXFileReference; lastKnownFileType = image.png; path = 8_of_clubs.png; sourceTree = "<group>"; };
		5428F6281AC655BC008680B5 /* 8_of_diamonds.png */ = {isa = PBXFileReference; lastKnownFileType = image.png; path = 8_of_diamonds.png; sourceTree = "<group>"; };
		5428F6291AC655BC008680B5 /* 8_of_hearts.png */ = {isa = PBXFileReference; lastKnownFileType = image.png; path = 8_of_hearts.png; sourceTree = "<group>"; };
		5428F62A1AC655BC008680B5 /* 8_of_spades.png */ = {isa = PBXFileReference; lastKnownFileType = image.png; path = 8_of_spades.png; sourceTree = "<group>"; };
		5428F62B1AC655BC008680B5 /* 9_of_clubs.png */ = {isa = PBXFileReference; lastKnownFileType = image.png; path = 9_of_clubs.png; sourceTree = "<group>"; };
		5428F62C1AC655BC008680B5 /* 9_of_diamonds.png */ = {isa = PBXFileReference; lastKnownFileType = image.png; path = 9_of_diamonds.png; sourceTree = "<group>"; };
		5428F62D1AC655BC008680B5 /* 9_of_hearts.png */ = {isa = PBXFileReference; lastKnownFileType = image.png; path = 9_of_hearts.png; sourceTree = "<group>"; };
		5428F62E1AC655BC008680B5 /* 9_of_spades.png */ = {isa = PBXFileReference; lastKnownFileType = image.png; path = 9_of_spades.png; sourceTree = "<group>"; };
		5428F62F1AC655BC008680B5 /* 10_of_clubs.png */ = {isa = PBXFileReference; lastKnownFileType = image.png; path = 10_of_clubs.png; sourceTree = "<group>"; };
		5428F6301AC655BC008680B5 /* 10_of_diamonds.png */ = {isa = PBXFileReference; lastKnownFileType = image.png; path = 10_of_diamonds.png; sourceTree = "<group>"; };
		5428F6311AC655BC008680B5 /* 10_of_hearts.png */ = {isa = PBXFileReference; lastKnownFileType = image.png; path = 10_of_hearts.png; sourceTree = "<group>"; };
		5428F6321AC655BC008680B5 /* 10_of_spades.png */ = {isa = PBXFileReference; lastKnownFileType = image.png; path = 10_of_spades.png; sourceTree = "<group>"; };
		5428F6331AC655BC008680B5 /* ace_of_clubs.png */ = {isa = PBXFileReference; lastKnownFileType = image.png; path = ace_of_clubs.png; sourceTree = "<group>"; };
		5428F6341AC655BC008680B5 /* ace_of_diamonds.png */ = {isa = PBXFileReference; lastKnownFileType = image.png; path = ace_of_diamonds.png; sourceTree = "<group>"; };
		5428F6351AC655BC008680B5 /* ace_of_hearts.png */ = {isa = PBXFileReference; lastKnownFileType = image.png; path = ace_of_hearts.png; sourceTree = "<group>"; };
		5428F6361AC655BC008680B5 /* ace_of_spades.png */ = {isa = PBXFileReference; lastKnownFileType = image.png; path = ace_of_spades.png; sourceTree = "<group>"; };
		5428F6371AC655BC008680B5 /* ace_of_spades2.png */ = {isa = PBXFileReference; lastKnownFileType = image.png; path = ace_of_spades2.png; sourceTree = "<group>"; };
		5428F6381AC655BC008680B5 /* black_joker.png */ = {isa = PBXFileReference; lastKnownFileType = image.png; path = black_joker.png; sourceTree = "<group>"; };
		5428F6391AC655BC008680B5 /* jack_of_clubs.png */ = {isa = PBXFileReference; lastKnownFileType = image.png; path = jack_of_clubs.png; sourceTree = "<group>"; };
		5428F63A1AC655BC008680B5 /* jack_of_clubs1.png */ = {isa = PBXFileReference; lastKnownFileType = image.png; path = jack_of_clubs1.png; sourceTree = "<group>"; };
		5428F63B1AC655BC008680B5 /* jack_of_diamonds.png */ = {isa = PBXFileReference; lastKnownFileType = image.png; path = jack_of_diamonds.png; sourceTree = "<group>"; };
		5428F63C1AC655BC008680B5 /* jack_of_diamonds1.png */ = {isa = PBXFileReference; lastKnownFileType = image.png; path = jack_of_diamonds1.png; sourceTree = "<group>"; };
		5428F63D1AC655BC008680B5 /* jack_of_hearts.png */ = {isa = PBXFileReference; lastKnownFileType = image.png; path = jack_of_hearts.png; sourceTree = "<group>"; };
		5428F63E1AC655BC008680B5 /* jack_of_hearts1.png */ = {isa = PBXFileReference; lastKnownFileType = image.png; path = jack_of_hearts1.png; sourceTree = "<group>"; };
		5428F63F1AC655BC008680B5 /* jack_of_spades.png */ = {isa = PBXFileReference; lastKnownFileType = image.png; path = jack_of_spades.png; sourceTree = "<group>"; };
		5428F6401AC655BC008680B5 /* jack_of_spades1.png */ = {isa = PBXFileReference; lastKnownFileType = image.png; path = jack_of_spades1.png; sourceTree = "<group>"; };
		5428F6411AC655BC008680B5 /* king_of_clubs.png */ = {isa = PBXFileReference; lastKnownFileType = image.png; path = king_of_clubs.png; sourceTree = "<group>"; };
		5428F6421AC655BC008680B5 /* king_of_clubs1.png */ = {isa = PBXFileReference; lastKnownFileType = image.png; path = king_of_clubs1.png; sourceTree = "<group>"; };
		5428F6431AC655BC008680B5 /* king_of_diamonds.png */ = {isa = PBXFileReference; lastKnownFileType = image.png; path = king_of_diamonds.png; sourceTree = "<group>"; };
		5428F6441AC655BC008680B5 /* king_of_diamonds1.png */ = {isa = PBXFileReference; lastKnownFileType = image.png; path = king_of_diamonds1.png; sourceTree = "<group>"; };
		5428F6451AC655BC008680B5 /* king_of_hearts.png */ = {isa = PBXFileReference; lastKnownFileType = image.png; path = king_of_hearts.png; sourceTree = "<group>"; };
		5428F6461AC655BC008680B5 /* king_of_hearts1.png */ = {isa = PBXFileReference; lastKnownFileType = image.png; path = king_of_hearts1.png; sourceTree = "<group>"; };
		5428F6471AC655BC008680B5 /* king_of_spades.png */ = {isa = PBXFileReference; lastKnownFileType = image.png; path = king_of_spades.png; sourceTree = "<group>"; };
		5428F6481AC655BC008680B5 /* king_of_spades1.png */ = {isa = PBXFileReference; lastKnownFileType = image.png; path = king_of_spades1.png; sourceTree = "<group>"; };
		5428F6491AC655BC008680B5 /* queen_of_clubs.png */ = {isa = PBXFileReference; lastKnownFileType = image.png; path = queen_of_clubs.png; sourceTree = "<group>"; };
		5428F64A1AC655BC008680B5 /* queen_of_clubs1.png */ = {isa = PBXFileReference; lastKnownFileType = image.png; path = queen_of_clubs1.png; sourceTree = "<group>"; };
		5428F64B1AC655BC008680B5 /* queen_of_diamonds.png */ = {isa = PBXFileReference; lastKnownFileType = image.png; path = queen_of_diamonds.png; sourceTree = "<group>"; };
		5428F64C1AC655BC008680B5 /* queen_of_diamonds1.png */ = {isa = PBXFileReference; lastKnownFileType = image.png; path = queen_of_diamonds1.png; sourceTree = "<group>"; };
		5428F64D1AC655BC008680B5 /* queen_of_hearts.png */ = {isa = PBXFileReference; lastKnownFileType = image.png; path = queen_of_hearts.png; sourceTree = "<group>"; };
		5428F64E1AC655BC008680B5 /* queen_of_hearts1.png */ = {isa = PBXFileReference; lastKnownFileType = image.png; path = queen_of_hearts1.png; sourceTree = "<group>"; };
		5428F64F1AC655BC008680B5 /* queen_of_spades.png */ = {isa = PBXFileReference; lastKnownFileType = image.png; path = queen_of_spades.png; sourceTree = "<group>"; };
		5428F6501AC655BC008680B5 /* queen_of_spades1.png */ = {isa = PBXFileReference; lastKnownFileType = image.png; path = queen_of_spades1.png; sourceTree = "<group>"; };
		5428F6511AC655BC008680B5 /* red_joker.png */ = {isa = PBXFileReference; lastKnownFileType = image.png; path = red_joker.png; sourceTree = "<group>"; };
		54514C901ACA1CA5009DB0C3 /* Group.png */ = {isa = PBXFileReference; lastKnownFileType = image.png; path = Group.png; sourceTree = "<group>"; };
		5482F67F1AA247B100E7EDFB /* PlayerViewController.swift */ = {isa = PBXFileReference; fileEncoding = 4; lastKnownFileType = sourcecode.swift; path = PlayerViewController.swift; sourceTree = "<group>"; };
		5482F6811AA2480A00E7EDFB /* Hand.swift */ = {isa = PBXFileReference; fileEncoding = 4; lastKnownFileType = sourcecode.swift; path = Hand.swift; sourceTree = "<group>"; };
		5482F6831AA2483200E7EDFB /* Deck.swift */ = {isa = PBXFileReference; fileEncoding = 4; lastKnownFileType = sourcecode.swift; path = Deck.swift; sourceTree = "<group>"; };
		5482F6851AA2485900E7EDFB /* Card.swift */ = {isa = PBXFileReference; fileEncoding = 4; lastKnownFileType = sourcecode.swift; path = Card.swift; sourceTree = "<group>"; };
		5482F6961AA2630400E7EDFB /* Player.swift */ = {isa = PBXFileReference; fileEncoding = 4; lastKnownFileType = sourcecode.swift; path = Player.swift; sourceTree = "<group>"; };
		5482F6981AA268EE00E7EDFB /* File.swift */ = {isa = PBXFileReference; fileEncoding = 4; lastKnownFileType = sourcecode.swift; path = File.swift; sourceTree = "<group>"; };
		5482F6A01AA3EB0000E7EDFB /* SingletonA.swift */ = {isa = PBXFileReference; fileEncoding = 4; lastKnownFileType = sourcecode.swift; path = SingletonA.swift; sourceTree = "<group>"; };
		54B6F1841AC63D44005C1FC4 /* back.png */ = {isa = PBXFileReference; lastKnownFileType = image.png; path = back.png; sourceTree = "<group>"; };
		54D3EE201A917813001B9920 /* Assignment1_backjack.app */ = {isa = PBXFileReference; explicitFileType = wrapper.application; includeInIndex = 0; path = Assignment1_backjack.app; sourceTree = BUILT_PRODUCTS_DIR; };
		54D3EE241A917813001B9920 /* Info.plist */ = {isa = PBXFileReference; lastKnownFileType = text.plist.xml; path = Info.plist; sourceTree = "<group>"; };
		54D3EE251A917813001B9920 /* AppDelegate.swift */ = {isa = PBXFileReference; lastKnownFileType = sourcecode.swift; path = AppDelegate.swift; sourceTree = "<group>"; };
		54D3EE271A917813001B9920 /* ViewController.swift */ = {isa = PBXFileReference; lastKnownFileType = sourcecode.swift; path = ViewController.swift; sourceTree = "<group>"; };
		54D3EE2A1A917813001B9920 /* Base */ = {isa = PBXFileReference; lastKnownFileType = file.storyboard; name = Base; path = Base.lproj/Main.storyboard; sourceTree = "<group>"; };
		54D3EE2C1A917813001B9920 /* Images.xcassets */ = {isa = PBXFileReference; lastKnownFileType = folder.assetcatalog; path = Images.xcassets; sourceTree = "<group>"; };
		54D3EE2F1A917813001B9920 /* Base */ = {isa = PBXFileReference; lastKnownFileType = file.xib; name = Base; path = Base.lproj/LaunchScreen.xib; sourceTree = "<group>"; };
		54D3EE351A917813001B9920 /* Assignment1_backjackTests.xctest */ = {isa = PBXFileReference; explicitFileType = wrapper.cfbundle; includeInIndex = 0; path = Assignment1_backjackTests.xctest; sourceTree = BUILT_PRODUCTS_DIR; };
		54D3EE3A1A917813001B9920 /* Info.plist */ = {isa = PBXFileReference; lastKnownFileType = text.plist.xml; path = Info.plist; sourceTree = "<group>"; };
		54D3EE3B1A917813001B9920 /* Assignment1_backjackTests.swift */ = {isa = PBXFileReference; lastKnownFileType = sourcecode.swift; path = Assignment1_backjackTests.swift; sourceTree = "<group>"; };
/* End PBXFileReference section */

/* Begin PBXFrameworksBuildPhase section */
		54D3EE1D1A917813001B9920 /* Frameworks */ = {
			isa = PBXFrameworksBuildPhase;
			buildActionMask = 2147483647;
			files = (
			);
			runOnlyForDeploymentPostprocessing = 0;
		};
		54D3EE321A917813001B9920 /* Frameworks */ = {
			isa = PBXFrameworksBuildPhase;
			buildActionMask = 2147483647;
			files = (
			);
			runOnlyForDeploymentPostprocessing = 0;
		};
/* End PBXFrameworksBuildPhase section */

/* Begin PBXGroup section */
		54D3EE171A917812001B9920 = {
			isa = PBXGroup;
			children = (
				54D3EE221A917813001B9920 /* Assignment1_backjack */,
				54D3EE381A917813001B9920 /* Assignment1_backjackTests */,
				54D3EE211A917813001B9920 /* Products */,
			);
			sourceTree = "<group>";
		};
		54D3EE211A917813001B9920 /* Products */ = {
			isa = PBXGroup;
			children = (
				54D3EE201A917813001B9920 /* Assignment1_backjack.app */,
				54D3EE351A917813001B9920 /* Assignment1_backjackTests.xctest */,
			);
			name = Products;
			sourceTree = "<group>";
		};
		54D3EE221A917813001B9920 /* Assignment1_backjack */ = {
			isa = PBXGroup;
			children = (
				54D3EE251A917813001B9920 /* AppDelegate.swift */,
				54D3EE271A917813001B9920 /* ViewController.swift */,
				5482F67F1AA247B100E7EDFB /* PlayerViewController.swift */,
				54D3EE291A917813001B9920 /* Main.storyboard */,
				54D3EE2C1A917813001B9920 /* Images.xcassets */,
				54D3EE2E1A917813001B9920 /* LaunchScreen.xib */,
				54D3EE231A917813001B9920 /* Supporting Files */,
				5482F6811AA2480A00E7EDFB /* Hand.swift */,
				5482F6831AA2483200E7EDFB /* Deck.swift */,
				5482F6851AA2485900E7EDFB /* Card.swift */,
				5482F6961AA2630400E7EDFB /* Player.swift */,
				5482F6981AA268EE00E7EDFB /* File.swift */,
				5482F6A01AA3EB0000E7EDFB /* SingletonA.swift */,
			);
			path = Assignment1_backjack;
			sourceTree = "<group>";
		};
		54D3EE231A917813001B9920 /* Supporting Files */ = {
			isa = PBXGroup;
			children = (
				5428F60F1AC655BC008680B5 /* 2_of_clubs.png */,
				5428F6101AC655BC008680B5 /* 2_of_diamonds.png */,
				5428F6111AC655BC008680B5 /* 2_of_hearts.png */,
				5428F6121AC655BC008680B5 /* 2_of_spades.png */,
				5428F6131AC655BC008680B5 /* 3_of_clubs.png */,
				5428F6141AC655BC008680B5 /* 3_of_diamonds.png */,
				5428F6151AC655BC008680B5 /* 3_of_hearts.png */,
				5428F6161AC655BC008680B5 /* 3_of_spades.png */,
				5428F6171AC655BC008680B5 /* 4_of_clubs.png */,
				5428F6181AC655BC008680B5 /* 4_of_diamonds.png */,
				5428F6191AC655BC008680B5 /* 4_of_hearts.png */,
				5428F61A1AC655BC008680B5 /* 4_of_spades.png */,
				5428F61B1AC655BC008680B5 /* 5_of_clubs.png */,
				5428F61C1AC655BC008680B5 /* 5_of_diamonds.png */,
				5428F61D1AC655BC008680B5 /* 5_of_hearts.png */,
				5428F61E1AC655BC008680B5 /* 5_of_spades.png */,
				5428F61F1AC655BC008680B5 /* 6_of_clubs.png */,
				5428F6201AC655BC008680B5 /* 6_of_diamonds.png */,
				5428F6211AC655BC008680B5 /* 6_of_hearts.png */,
				5428F6221AC655BC008680B5 /* 6_of_spades.png */,
				5428F6231AC655BC008680B5 /* 7_of_clubs.png */,
				5428F6241AC655BC008680B5 /* 7_of_diamonds.png */,
				5428F6251AC655BC008680B5 /* 7_of_hearts.png */,
				5428F6261AC655BC008680B5 /* 7_of_spades.png */,
				5428F6271AC655BC008680B5 /* 8_of_clubs.png */,
				5428F6281AC655BC008680B5 /* 8_of_diamonds.png */,
				5428F6291AC655BC008680B5 /* 8_of_hearts.png */,
				5428F62A1AC655BC008680B5 /* 8_of_spades.png */,
				5428F62B1AC655BC008680B5 /* 9_of_clubs.png */,
				5428F62C1AC655BC008680B5 /* 9_of_diamonds.png */,
				5428F62D1AC655BC008680B5 /* 9_of_hearts.png */,
				5428F62E1AC655BC008680B5 /* 9_of_spades.png */,
				5428F62F1AC655BC008680B5 /* 10_of_clubs.png */,
				5428F6301AC655BC008680B5 /* 10_of_diamonds.png */,
				5428F6311AC655BC008680B5 /* 10_of_hearts.png */,
				5428F6321AC655BC008680B5 /* 10_of_spades.png */,
				5428F6331AC655BC008680B5 /* ace_of_clubs.png */,
				5428F6341AC655BC008680B5 /* ace_of_diamonds.png */,
				5428F6351AC655BC008680B5 /* ace_of_hearts.png */,
				5428F6361AC655BC008680B5 /* ace_of_spades.png */,
				5428F6371AC655BC008680B5 /* ace_of_spades2.png */,
				5428F6381AC655BC008680B5 /* black_joker.png */,
				5428F6391AC655BC008680B5 /* jack_of_clubs.png */,
				5428F63A1AC655BC008680B5 /* jack_of_clubs1.png */,
				5428F63B1AC655BC008680B5 /* jack_of_diamonds.png */,
				54514C901ACA1CA5009DB0C3 /* Group.png */,
				5428F63C1AC655BC008680B5 /* jack_of_diamonds1.png */,
				5428F63D1AC655BC008680B5 /* jack_of_hearts.png */,
				5428F63E1AC655BC008680B5 /* jack_of_hearts1.png */,
				5428F63F1AC655BC008680B5 /* jack_of_spades.png */,
				5428F6401AC655BC008680B5 /* jack_of_spades1.png */,
				5428F6411AC655BC008680B5 /* king_of_clubs.png */,
				5428F6421AC655BC008680B5 /* king_of_clubs1.png */,
				5428F6431AC655BC008680B5 /* king_of_diamonds.png */,
				5428F6441AC655BC008680B5 /* king_of_diamonds1.png */,
				5428F6451AC655BC008680B5 /* king_of_hearts.png */,
				5428F6461AC655BC008680B5 /* king_of_hearts1.png */,
				5428F6471AC655BC008680B5 /* king_of_spades.png */,
				5428F6481AC655BC008680B5 /* king_of_spades1.png */,
				5428F6491AC655BC008680B5 /* queen_of_clubs.png */,
				5428F64A1AC655BC008680B5 /* queen_of_clubs1.png */,
				5428F64B1AC655BC008680B5 /* queen_of_diamonds.png */,
				5428F64C1AC655BC008680B5 /* queen_of_diamonds1.png */,
				5428F64D1AC655BC008680B5 /* queen_of_hearts.png */,
				5428F64E1AC655BC008680B5 /* queen_of_hearts1.png */,
				5428F64F1AC655BC008680B5 /* queen_of_spades.png */,
				5428F6501AC655BC008680B5 /* queen_of_spades1.png */,
				5428F6511AC655BC008680B5 /* red_joker.png */,
				54B6F1841AC63D44005C1FC4 /* back.png */,
				54D3EE241A917813001B9920 /* Info.plist */,
			);
			name = "Supporting Files";
			sourceTree = "<group>";
		};
		54D3EE381A917813001B9920 /* Assignment1_backjackTests */ = {
			isa = PBXGroup;
			children = (
				54D3EE3B1A917813001B9920 /* Assignment1_backjackTests.swift */,
				54D3EE391A917813001B9920 /* Supporting Files */,
			);
			path = Assignment1_backjackTests;
			sourceTree = "<group>";
		};
		54D3EE391A917813001B9920 /* Supporting Files */ = {
			isa = PBXGroup;
			children = (
				54D3EE3A1A917813001B9920 /* Info.plist */,
			);
			name = "Supporting Files";
			sourceTree = "<group>";
		};
/* End PBXGroup section */

/* Begin PBXNativeTarget section */
		54D3EE1F1A917813001B9920 /* Assignment1_backjack */ = {
			isa = PBXNativeTarget;
			buildConfigurationList = 54D3EE3F1A917813001B9920 /* Build configuration list for PBXNativeTarget "Assignment1_backjack" */;
			buildPhases = (
				54D3EE1C1A917813001B9920 /* Sources */,
				54D3EE1D1A917813001B9920 /* Frameworks */,
				54D3EE1E1A917813001B9920 /* Resources */,
			);
			buildRules = (
			);
			dependencies = (
			);
			name = Assignment1_backjack;
			productName = Assignment1_backjack;
			productReference = 54D3EE201A917813001B9920 /* Assignment1_backjack.app */;
			productType = "com.apple.product-type.application";
		};
		54D3EE341A917813001B9920 /* Assignment1_backjackTests */ = {
			isa = PBXNativeTarget;
			buildConfigurationList = 54D3EE421A917813001B9920 /* Build configuration list for PBXNativeTarget "Assignment1_backjackTests" */;
			buildPhases = (
				54D3EE311A917813001B9920 /* Sources */,
				54D3EE321A917813001B9920 /* Frameworks */,
				54D3EE331A917813001B9920 /* Resources */,
			);
			buildRules = (
			);
			dependencies = (
				54D3EE371A917813001B9920 /* PBXTargetDependency */,
			);
			name = Assignment1_backjackTests;
			productName = Assignment1_backjackTests;
			productReference = 54D3EE351A917813001B9920 /* Assignment1_backjackTests.xctest */;
			productType = "com.apple.product-type.bundle.unit-test";
		};
/* End PBXNativeTarget section */

/* Begin PBXProject section */
		54D3EE181A917812001B9920 /* Project object */ = {
			isa = PBXProject;
			attributes = {
				LastUpgradeCheck = 0610;
				ORGANIZATIONNAME = "xi su";
				TargetAttributes = {
					54D3EE1F1A917813001B9920 = {
						CreatedOnToolsVersion = 6.1.1;
					};
					54D3EE341A917813001B9920 = {
						CreatedOnToolsVersion = 6.1.1;
						TestTargetID = 54D3EE1F1A917813001B9920;
					};
				};
			};
			buildConfigurationList = 54D3EE1B1A917812001B9920 /* Build configuration list for PBXProject "Assignment1_backjack" */;
			compatibilityVersion = "Xcode 3.2";
			developmentRegion = English;
			hasScannedForEncodings = 0;
			knownRegions = (
				en,
				Base,
			);
			mainGroup = 54D3EE171A917812001B9920;
			productRefGroup = 54D3EE211A917813001B9920 /* Products */;
			projectDirPath = "";
			projectRoot = "";
			targets = (
				54D3EE1F1A917813001B9920 /* Assignment1_backjack */,
				54D3EE341A917813001B9920 /* Assignment1_backjackTests */,
			);
		};
/* End PBXProject section */

/* Begin PBXResourcesBuildPhase section */
		54D3EE1E1A917813001B9920 /* Resources */ = {
			isa = PBXResourcesBuildPhase;
			buildActionMask = 2147483647;
			files = (
				5428F65C1AC655BC008680B5 /* 4_of_hearts.png in Resources */,
				54514C911ACA1CA5009DB0C3 /* Group.png in Resources */,
				54D3EE2B1A917813001B9920 /* Main.storyboard in Resources */,
				5428F6591AC655BC008680B5 /* 3_of_spades.png in Resources */,
				5428F6721AC655BC008680B5 /* 10_of_clubs.png in Resources */,
				5428F6731AC655BC008680B5 /* 10_of_diamonds.png in Resources */,
				5428F6631AC655BC008680B5 /* 6_of_diamonds.png in Resources */,
				5428F68E1AC655BC008680B5 /* queen_of_diamonds.png in Resources */,
				5428F67B1AC655BC008680B5 /* black_joker.png in Resources */,
				5428F6811AC655BC008680B5 /* jack_of_hearts1.png in Resources */,
				5428F6661AC655BC008680B5 /* 7_of_clubs.png in Resources */,
				5428F6781AC655BC008680B5 /* ace_of_hearts.png in Resources */,
				5428F6651AC655BC008680B5 /* 6_of_spades.png in Resources */,
				5428F67F1AC655BC008680B5 /* jack_of_diamonds1.png in Resources */,
				5428F6521AC655BC008680B5 /* 2_of_clubs.png in Resources */,
				5428F6711AC655BC008680B5 /* 9_of_spades.png in Resources */,
				5428F6681AC655BC008680B5 /* 7_of_hearts.png in Resources */,
				5428F68C1AC655BC008680B5 /* queen_of_clubs.png in Resources */,
				5428F65F1AC655BC008680B5 /* 5_of_diamonds.png in Resources */,
				5428F65B1AC655BC008680B5 /* 4_of_diamonds.png in Resources */,
				5428F6841AC655BC008680B5 /* king_of_clubs.png in Resources */,
				5428F6671AC655BC008680B5 /* 7_of_diamonds.png in Resources */,
				5428F65A1AC655BC008680B5 /* 4_of_clubs.png in Resources */,
				5428F68B1AC655BC008680B5 /* king_of_spades1.png in Resources */,
				5428F68D1AC655BC008680B5 /* queen_of_clubs1.png in Resources */,
				54B6F1851AC63D44005C1FC4 /* back.png in Resources */,
				5428F6691AC655BC008680B5 /* 7_of_spades.png in Resources */,
				5428F6641AC655BC008680B5 /* 6_of_hearts.png in Resources */,
				5428F6791AC655BC008680B5 /* ace_of_spades.png in Resources */,
				5428F68A1AC655BC008680B5 /* king_of_spades.png in Resources */,
				5428F6831AC655BC008680B5 /* jack_of_spades1.png in Resources */,
				5428F6601AC655BC008680B5 /* 5_of_hearts.png in Resources */,
				5428F6701AC655BC008680B5 /* 9_of_hearts.png in Resources */,
				5428F6881AC655BC008680B5 /* king_of_hearts.png in Resources */,
				5428F67E1AC655BC008680B5 /* jack_of_diamonds.png in Resources */,
				5428F65D1AC655BC008680B5 /* 4_of_spades.png in Resources */,
				5428F67C1AC655BC008680B5 /* jack_of_clubs.png in Resources */,
				5428F6941AC655BC008680B5 /* red_joker.png in Resources */,
				5428F6741AC655BC008680B5 /* 10_of_hearts.png in Resources */,
				5428F6531AC655BC008680B5 /* 2_of_diamonds.png in Resources */,
				54D3EE301A917813001B9920 /* LaunchScreen.xib in Resources */,
				5428F66E1AC655BC008680B5 /* 9_of_clubs.png in Resources */,
				5428F66C1AC655BC008680B5 /* 8_of_hearts.png in Resources */,
				5428F6771AC655BC008680B5 /* ace_of_diamonds.png in Resources */,
				5428F6821AC655BC008680B5 /* jack_of_spades.png in Resources */,
				5428F6621AC655BC008680B5 /* 6_of_clubs.png in Resources */,
				5428F6891AC655BC008680B5 /* king_of_hearts1.png in Resources */,
				5428F66F1AC655BC008680B5 /* 9_of_diamonds.png in Resources */,
				5428F6561AC655BC008680B5 /* 3_of_clubs.png in Resources */,
				5428F65E1AC655BC008680B5 /* 5_of_clubs.png in Resources */,
				5428F6581AC655BC008680B5 /* 3_of_hearts.png in Resources */,
				5428F6871AC655BC008680B5 /* king_of_diamonds1.png in Resources */,
				5428F6851AC655BC008680B5 /* king_of_clubs1.png in Resources */,
				5428F67A1AC655BC008680B5 /* ace_of_spades2.png in Resources */,
				5428F6801AC655BC008680B5 /* jack_of_hearts.png in Resources */,
				5428F6751AC655BC008680B5 /* 10_of_spades.png in Resources */,
				5428F66B1AC655BC008680B5 /* 8_of_diamonds.png in Resources */,
				5428F67D1AC655BC008680B5 /* jack_of_clubs1.png in Resources */,
				5428F6761AC655BC008680B5 /* ace_of_clubs.png in Resources */,
				5428F6901AC655BC008680B5 /* queen_of_hearts.png in Resources */,
				5428F6861AC655BC008680B5 /* king_of_diamonds.png in Resources */,
				5428F6551AC655BC008680B5 /* 2_of_spades.png in Resources */,
				5428F6541AC655BC008680B5 /* 2_of_hearts.png in Resources */,
				5428F6571AC655BC008680B5 /* 3_of_diamonds.png in Resources */,
				5428F68F1AC655BC008680B5 /* queen_of_diamonds1.png in Resources */,
				5428F6611AC655BC008680B5 /* 5_of_spades.png in Resources */,
				5428F6921AC655BC008680B5 /* queen_of_spades.png in Resources */,
				5428F6911AC655BC008680B5 /* queen_of_hearts1.png in Resources */,
				54D3EE2D1A917813001B9920 /* Images.xcassets in Resources */,
				5428F66D1AC655BC008680B5 /* 8_of_spades.png in Resources */,
				5428F6931AC655BC008680B5 /* queen_of_spades1.png in Resources */,
				5428F66A1AC655BC008680B5 /* 8_of_clubs.png in Resources */,
			);
			runOnlyForDeploymentPostprocessing = 0;
		};
		54D3EE331A917813001B9920 /* Resources */ = {
			isa = PBXResourcesBuildPhase;
			buildActionMask = 2147483647;
			files = (
			);
			runOnlyForDeploymentPostprocessing = 0;
		};
/* End PBXResourcesBuildPhase section */

/* Begin PBXSourcesBuildPhase section */
		54D3EE1C1A917813001B9920 /* Sources */ = {
			isa = PBXSourcesBuildPhase;
			buildActionMask = 2147483647;
			files = (
				5482F6841AA2483200E7EDFB /* Deck.swift in Sources */,
				54D3EE281A917813001B9920 /* ViewController.swift in Sources */,
				5482F6861AA2485900E7EDFB /* Card.swift in Sources */,
				5482F6971AA2630400E7EDFB /* Player.swift in Sources */,
				5482F6A11AA3EB0000E7EDFB /* SingletonA.swift in Sources */,
				5482F6821AA2480A00E7EDFB /* Hand.swift in Sources */,
				5482F6801AA247B100E7EDFB /* PlayerViewController.swift in Sources */,
				5482F6991AA268EE00E7EDFB /* File.swift in Sources */,
				54D3EE261A917813001B9920 /* AppDelegate.swift in Sources */,
			);
			runOnlyForDeploymentPostprocessing = 0;
		};
		54D3EE311A917813001B9920 /* Sources */ = {
			isa = PBXSourcesBuildPhase;
			buildActionMask = 2147483647;
			files = (
				54D3EE3C1A917813001B9920 /* Assignment1_backjackTests.swift in Sources */,
			);
			runOnlyForDeploymentPostprocessing = 0;
		};
/* End PBXSourcesBuildPhase section */

/* Begin PBXTargetDependency section */
		54D3EE371A917813001B9920 /* PBXTargetDependency */ = {
			isa = PBXTargetDependency;
			target = 54D3EE1F1A917813001B9920 /* Assignment1_backjack */;
			targetProxy = 54D3EE361A917813001B9920 /* PBXContainerItemProxy */;
		};
/* End PBXTargetDependency section */

/* Begin PBXVariantGroup section */
		54D3EE291A917813001B9920 /* Main.storyboard */ = {
			isa = PBXVariantGroup;
			children = (
				54D3EE2A1A917813001B9920 /* Base */,
			);
			name = Main.storyboard;
			sourceTree = "<group>";
		};
		54D3EE2E1A917813001B9920 /* LaunchScreen.xib */ = {
			isa = PBXVariantGroup;
			children = (
				54D3EE2F1A917813001B9920 /* Base */,
			);
			name = LaunchScreen.xib;
			sourceTree = "<group>";
		};
/* End PBXVariantGroup section */

/* Begin XCBuildConfiguration section */
		54D3EE3D1A917813001B9920 /* Debug */ = {
			isa = XCBuildConfiguration;
			buildSettings = {
				ALWAYS_SEARCH_USER_PATHS = NO;
				CLANG_CXX_LANGUAGE_STANDARD = "gnu++0x";
				CLANG_CXX_LIBRARY = "libc++";
				CLANG_ENABLE_MODULES = YES;
				CLANG_ENABLE_OBJC_ARC = YES;
				CLANG_WARN_BOOL_CONVERSION = YES;
				CLANG_WARN_CONSTANT_CONVERSION = YES;
				CLANG_WARN_DIRECT_OBJC_ISA_USAGE = YES_ERROR;
				CLANG_WARN_EMPTY_BODY = YES;
				CLANG_WARN_ENUM_CONVERSION = YES;
				CLANG_WARN_INT_CONVERSION = YES;
				CLANG_WARN_OBJC_ROOT_CLASS = YES_ERROR;
				CLANG_WARN_UNREACHABLE_CODE = YES;
				CLANG_WARN__DUPLICATE_METHOD_MATCH = YES;
				"CODE_SIGN_IDENTITY[sdk=iphoneos*]" = "iPhone Developer";
				COPY_PHASE_STRIP = NO;
				ENABLE_STRICT_OBJC_MSGSEND = YES;
				GCC_C_LANGUAGE_STANDARD = gnu99;
				GCC_DYNAMIC_NO_PIC = NO;
				GCC_OPTIMIZATION_LEVEL = 0;
				GCC_PREPROCESSOR_DEFINITIONS = (
					"DEBUG=1",
					"$(inherited)",
				);
				GCC_SYMBOLS_PRIVATE_EXTERN = NO;
				GCC_WARN_64_TO_32_BIT_CONVERSION = YES;
				GCC_WARN_ABOUT_RETURN_TYPE = YES_ERROR;
				GCC_WARN_UNDECLARED_SELECTOR = YES;
				GCC_WARN_UNINITIALIZED_AUTOS = YES_AGGRESSIVE;
				GCC_WARN_UNUSED_FUNCTION = YES;
				GCC_WARN_UNUSED_VARIABLE = YES;
				IPHONEOS_DEPLOYMENT_TARGET = 8.1;
				MTL_ENABLE_DEBUG_INFO = YES;
				ONLY_ACTIVE_ARCH = YES;
				SDKROOT = iphoneos;
				SWIFT_OPTIMIZATION_LEVEL = "-Onone";
			};
			name = Debug;
		};
		54D3EE3E1A917813001B9920 /* Release */ = {
			isa = XCBuildConfiguration;
			buildSettings = {
				ALWAYS_SEARCH_USER_PATHS = NO;
				CLANG_CXX_LANGUAGE_STANDARD = "gnu++0x";
				CLANG_CXX_LIBRARY = "libc++";
				CLANG_ENABLE_MODULES = YES;
				CLANG_ENABLE_OBJC_ARC = YES;
				CLANG_WARN_BOOL_CONVERSION = YES;
				CLANG_WARN_CONSTANT_CONVERSION = YES;
				CLANG_WARN_DIRECT_OBJC_ISA_USAGE = YES_ERROR;
				CLANG_WARN_EMPTY_BODY = YES;
				CLANG_WARN_ENUM_CONVERSION = YES;
				CLANG_WARN_INT_CONVERSION = YES;
				CLANG_WARN_OBJC_ROOT_CLASS = YES_ERROR;
				CLANG_WARN_UNREACHABLE_CODE = YES;
				CLANG_WARN__DUPLICATE_METHOD_MATCH = YES;
				"CODE_SIGN_IDENTITY[sdk=iphoneos*]" = "iPhone Developer";
				COPY_PHASE_STRIP = YES;
				ENABLE_NS_ASSERTIONS = NO;
				ENABLE_STRICT_OBJC_MSGSEND = YES;
				GCC_C_LANGUAGE_STANDARD = gnu99;
				GCC_WARN_64_TO_32_BIT_CONVERSION = YES;
				GCC_WARN_ABOUT_RETURN_TYPE = YES_ERROR;
				GCC_WARN_UNDECLARED_SELECTOR = YES;
				GCC_WARN_UNINITIALIZED_AUTOS = YES_AGGRESSIVE;
				GCC_WARN_UNUSED_FUNCTION = YES;
				GCC_WARN_UNUSED_VARIABLE = YES;
				IPHONEOS_DEPLOYMENT_TARGET = 8.1;
				MTL_ENABLE_DEBUG_INFO = NO;
				SDKROOT = iphoneos;
				VALIDATE_PRODUCT = YES;
			};
			name = Release;
		};
		54D3EE401A917813001B9920 /* Debug */ = {
			isa = XCBuildConfiguration;
			buildSettings = {
				ASSETCATALOG_COMPILER_APPICON_NAME = AppIcon;
				INFOPLIST_FILE = Assignment1_backjack/Info.plist;
				LD_RUNPATH_SEARCH_PATHS = "$(inherited) @executable_path/Frameworks";
				PRODUCT_NAME = "$(TARGET_NAME)";
				TARGETED_DEVICE_FAMILY = "1,2";
			};
			name = Debug;
		};
		54D3EE411A917813001B9920 /* Release */ = {
			isa = XCBuildConfiguration;
			buildSettings = {
				ASSETCATALOG_COMPILER_APPICON_NAME = AppIcon;
				INFOPLIST_FILE = Assignment1_backjack/Info.plist;
				LD_RUNPATH_SEARCH_PATHS = "$(inherited) @executable_path/Frameworks";
				PRODUCT_NAME = "$(TARGET_NAME)";
				TARGETED_DEVICE_FAMILY = "1,2";
			};
			name = Release;
		};
		54D3EE431A917813001B9920 /* Debug */ = {
			isa = XCBuildConfiguration;
			buildSettings = {
				BUNDLE_LOADER = "$(TEST_HOST)";
				FRAMEWORK_SEARCH_PATHS = (
					"$(SDKROOT)/Developer/Library/Frameworks",
					"$(inherited)",
				);
				GCC_PREPROCESSOR_DEFINITIONS = (
					"DEBUG=1",
					"$(inherited)",
				);
				INFOPLIST_FILE = Assignment1_backjackTests/Info.plist;
				LD_RUNPATH_SEARCH_PATHS = "$(inherited) @executable_path/Frameworks @loader_path/Frameworks";
				PRODUCT_NAME = "$(TARGET_NAME)";
				TEST_HOST = "$(BUILT_PRODUCTS_DIR)/Assignment1_backjack.app/Assignment1_backjack";
			};
			name = Debug;
		};
		54D3EE441A917813001B9920 /* Release */ = {
			isa = XCBuildConfiguration;
			buildSettings = {
				BUNDLE_LOADER = "$(TEST_HOST)";
				FRAMEWORK_SEARCH_PATHS = (
					"$(SDKROOT)/Developer/Library/Frameworks",
					"$(inherited)",
				);
				INFOPLIST_FILE = Assignment1_backjackTests/Info.plist;
				LD_RUNPATH_SEARCH_PATHS = "$(inherited) @executable_path/Frameworks @loader_path/Frameworks";
				PRODUCT_NAME = "$(TARGET_NAME)";
				TEST_HOST = "$(BUILT_PRODUCTS_DIR)/Assignment1_backjack.app/Assignment1_backjack";
			};
			name = Release;
		};
/* End XCBuildConfiguration section */

/* Begin XCConfigurationList section */
		54D3EE1B1A917812001B9920 /* Build configuration list for PBXProject "Assignment1_backjack" */ = {
			isa = XCConfigurationList;
			buildConfigurations = (
				54D3EE3D1A917813001B9920 /* Debug */,
				54D3EE3E1A917813001B9920 /* Release */,
			);
			defaultConfigurationIsVisible = 0;
			defaultConfigurationName = Release;
		};
		54D3EE3F1A917813001B9920 /* Build configuration list for PBXNativeTarget "Assignment1_backjack" */ = {
			isa = XCConfigurationList;
			buildConfigurations = (
				54D3EE401A917813001B9920 /* Debug */,
				54D3EE411A917813001B9920 /* Release */,
			);
			defaultConfigurationIsVisible = 0;
			defaultConfigurationName = Release;
		};
		54D3EE421A917813001B9920 /* Build configuration list for PBXNativeTarget "Assignment1_backjackTests" */ = {
			isa = XCConfigurationList;
			buildConfigurations = (
				54D3EE431A917813001B9920 /* Debug */,
				54D3EE441A917813001B9920 /* Release */,
			);
			defaultConfigurationIsVisible = 0;
			defaultConfigurationName = Release;
		};
/* End XCConfigurationList section */
	};
	rootObject = 54D3EE181A917812001B9920 /* Project object */;
}
